
Microsoft Visual Studio Solution File, Format Version 12.00
# Visual Studio 15
VisualStudioVersion = 15.0.26403.0
MinimumVisualStudioVersion = 10.0.40219.1
Project("{FAE04EC0-301F-11D3-BF4B-00C04F79EFBC}") = "Polygamy", "Polygamy\Polygamy.csproj", "{C6A3A67E-A306-4B45-B385-DC3EAD862BFD}"
EndProject
Project("{FAE04EC0-301F-11D3-BF4B-00C04F79EFBC}") = "Polygamy.Security", "Polygamy.Security\Polygamy.Security.csproj", "{33EDAA13-91E2-421C-8006-04847155CCDF}"
EndProject
Global
	GlobalSection(SolutionConfigurationPlatforms) = preSolution
		Debug|Any CPU = Debug|Any CPU
		Release|Any CPU = Release|Any CPU
	EndGlobalSection
	GlobalSection(ProjectConfigurationPlatforms) = postSolution
		{C6A3A67E-A306-4B45-B385-DC3EAD862BFD}.Debug|Any CPU.ActiveCfg = Debug|Any CPU
		{C6A3A67E-A306-4B45-B385-DC3EAD862BFD}.Debug|Any CPU.Build.0 = Debug|Any CPU
		{C6A3A67E-A306-4B45-B385-DC3EAD862BFD}.Release|Any CPU.ActiveCfg = Release|Any CPU
		{C6A3A67E-A306-4B45-B385-DC3EAD862BFD}.Release|Any CPU.Build.0 = Release|Any CPU
		{33EDAA13-91E2-421C-8006-04847155CCDF}.Debug|Any CPU.ActiveCfg = Debug|Any CPU
		{33EDAA13-91E2-421C-8006-04847155CCDF}.Debug|Any CPU.Build.0 = Debug|Any CPU
		{33EDAA13-91E2-421C-8006-04847155CCDF}.Release|Any CPU.ActiveCfg = Release|Any CPU
		{33EDAA13-91E2-421C-8006-04847155CCDF}.Release|Any CPU.Build.0 = Release|Any CPU
	EndGlobalSection
	GlobalSection(SolutionProperties) = preSolution
		HideSolutionNode = FALSE
	EndGlobalSection
EndGlobal
